
Microsoft Visual Studio Solution File, Format Version 12.00
# Visual Studio 15
VisualStudioVersion = 15.0.28010.2026
MinimumVisualStudioVersion = 10.0.40219.1
Project("{FAE04EC0-301F-11D3-BF4B-00C04F79EFBC}") = "03Server", "03Server\03Server.csproj", "{E43BBD5B-58C7-4349-9336-0F1B22D247FC}"
EndProject
Project("{FAE04EC0-301F-11D3-BF4B-00C04F79EFBC}") = "04Client", "04Client\04Client.csproj", "{B20BCB94-BEE6-4C49-BEDA-279D100B6118}"
EndProject
Project("{FAE04EC0-301F-11D3-BF4B-00C04F79EFBC}") = "02异步委托调用", "02异步委托调用\02异步委托调用.csproj", "{C93F34ED-0F9B-43C8-AB5F-6028327F81BD}"
EndProject
Project("{FAE04EC0-301F-11D3-BF4B-00C04F79EFBC}") = "ChatServer", "ChatServer\ChatServer.csproj", "{89EFE374-A4D5-4B30-8E82-14C92CFDED58}"
EndProject
Project("{FAE04EC0-301F-11D3-BF4B-00C04F79EFBC}") = "ChatClient", "ChatClient\ChatClient.csproj", "{F7B27358-CBF9-4788-A58E-9FB419171D5C}"
EndProject
Global
	GlobalSection(SolutionConfigurationPlatforms) = preSolution
		Debug|Any CPU = Debug|Any CPU
		Release|Any CPU = Release|Any CPU
	EndGlobalSection
	GlobalSection(ProjectConfigurationPlatforms) = postSolution
		{E43BBD5B-58C7-4349-9336-0F1B22D247FC}.Debug|Any CPU.ActiveCfg = Debug|Any CPU
		{E43BBD5B-58C7-4349-9336-0F1B22D247FC}.Debug|Any CPU.Build.0 = Debug|Any CPU
		{E43BBD5B-58C7-4349-9336-0F1B22D247FC}.Release|Any CPU.ActiveCfg = Release|Any CPU
		{E43BBD5B-58C7-4349-9336-0F1B22D247FC}.Release|Any CPU.Build.0 = Release|Any CPU
		{B20BCB94-BEE6-4C49-BEDA-279D100B6118}.Debug|Any CPU.ActiveCfg = Debug|Any CPU
		{B20BCB94-BEE6-4C49-BEDA-279D100B6118}.Debug|Any CPU.Build.0 = Debug|Any CPU
		{B20BCB94-BEE6-4C49-BEDA-279D100B6118}.Release|Any CPU.ActiveCfg = Release|Any CPU
		{B20BCB94-BEE6-4C49-BEDA-279D100B6118}.Release|Any CPU.Build.0 = Release|Any CPU
		{C93F34ED-0F9B-43C8-AB5F-6028327F81BD}.Debug|Any CPU.ActiveCfg = Debug|Any CPU
		{C93F34ED-0F9B-43C8-AB5F-6028327F81BD}.Debug|Any CPU.Build.0 = Debug|Any CPU
		{C93F34ED-0F9B-43C8-AB5F-6028327F81BD}.Release|Any CPU.ActiveCfg = Release|Any CPU
		{C93F34ED-0F9B-43C8-AB5F-6028327F81BD}.Release|Any CPU.Build.0 = Release|Any CPU
		{89EFE374-A4D5-4B30-8E82-14C92CFDED58}.Debug|Any CPU.ActiveCfg = Debug|Any CPU
		{89EFE374-A4D5-4B30-8E82-14C92CFDED58}.Debug|Any CPU.Build.0 = Debug|Any CPU
		{89EFE374-A4D5-4B30-8E82-14C92CFDED58}.Release|Any CPU.ActiveCfg = Release|Any CPU
		{89EFE374-A4D5-4B30-8E82-14C92CFDED58}.Release|Any CPU.Build.0 = Release|Any CPU
		{F7B27358-CBF9-4788-A58E-9FB419171D5C}.Debug|Any CPU.ActiveCfg = Debug|Any CPU
		{F7B27358-CBF9-4788-A58E-9FB419171D5C}.Debug|Any CPU.Build.0 = Debug|Any CPU
		{F7B27358-CBF9-4788-A58E-9FB419171D5C}.Release|Any CPU.ActiveCfg = Release|Any CPU
		{F7B27358-CBF9-4788-A58E-9FB419171D5C}.Release|Any CPU.Build.0 = Release|Any CPU
	EndGlobalSection
	GlobalSection(SolutionProperties) = preSolution
		HideSolutionNode = FALSE
	EndGlobalSection
	GlobalSection(ExtensibilityGlobals) = postSolution
		SolutionGuid = {38C16CA7-A057-463D-B4D7-730357AA7893}
	EndGlobalSection
EndGlobal
